
Microsoft Visual Studio Solution File, Format Version 12.00
# Visual Studio Version 17
VisualStudioVersion = 17.7.34221.43
MinimumVisualStudioVersion = 10.0.40219.1
Project("{FAE04EC0-301F-11D3-BF4B-00C04F79EFBC}") = "task4", "task4.csproj", "{95FFCB52-C7D7-4DD7-BE0A-687165EC4175}"
EndProject
Global
	GlobalSection(SolutionConfigurationPlatforms) = preSolution
		Debug|Any CPU = Debug|Any CPU
		Release|Any CPU = Release|Any CPU
	EndGlobalSection
	GlobalSection(ProjectConfigurationPlatforms) = postSolution
		{95FFCB52-C7D7-4DD7-BE0A-687165EC4175}.Debug|Any CPU.ActiveCfg = Debug|Any CPU
		{95FFCB52-C7D7-4DD7-BE0A-687165EC4175}.Debug|Any CPU.Build.0 = Debug|Any CPU
		{95FFCB52-C7D7-4DD7-BE0A-687165EC4175}.Release|Any CPU.ActiveCfg = Release|Any CPU
		{95FFCB52-C7D7-4DD7-BE0A-687165EC4175}.Release|Any CPU.Build.0 = Release|Any CPU
	EndGlobalSection
	GlobalSection(SolutionProperties) = preSolution
		HideSolutionNode = FALSE
	EndGlobalSection
	GlobalSection(ExtensibilityGlobals) = postSolution
		SolutionGuid = {B4A45D44-1D8A-412A-99DD-DEEA10B97E8F}
	EndGlobalSection
EndGlobal
